
Microsoft Visual Studio Solution File, Format Version 12.00
# Visual Studio Version 16
VisualStudioVersion = 16.0.29102.190
MinimumVisualStudioVersion = 10.0.40219.1
Project("{FAE04EC0-301F-11D3-BF4B-00C04F79EFBC}") = "BasicDistributed", "BasicDistributed\BasicDistributed.csproj", "{AFD59EC8-540C-41E5-B18D-0E914E4D29F0}"
EndProject
Global
	GlobalSection(SolutionConfigurationPlatforms) = preSolution
		Debug|Any CPU = Debug|Any CPU
		Release|Any CPU = Release|Any CPU
	EndGlobalSection
	GlobalSection(ProjectConfigurationPlatforms) = postSolution
		{AFD59EC8-540C-41E5-B18D-0E914E4D29F0}.Debug|Any CPU.ActiveCfg = Debug|Any CPU
		{AFD59EC8-540C-41E5-B18D-0E914E4D29F0}.Debug|Any CPU.Build.0 = Debug|Any CPU
		{AFD59EC8-540C-41E5-B18D-0E914E4D29F0}.Release|Any CPU.ActiveCfg = Release|Any CPU
		{AFD59EC8-540C-41E5-B18D-0E914E4D29F0}.Release|Any CPU.Build.0 = Release|Any CPU
	EndGlobalSection
	GlobalSection(SolutionProperties) = preSolution
		HideSolutionNode = FALSE
	EndGlobalSection
	GlobalSection(ExtensibilityGlobals) = postSolution
		SolutionGuid = {E9D46176-B188-470A-87B1-E74FBF3B3833}
	EndGlobalSection
EndGlobal
